
Microsoft Visual Studio Solution File, Format Version 12.00
# Visual Studio Version 17
VisualStudioVersion = 17.0.31903.59
MinimumVisualStudioVersion = 10.0.40219.1
Project("{FAE04EC0-301F-11D3-BF4B-00C04F79EFBC}") = "BlazorStudents", "BlazorStudents\BlazorStudents.csproj", "{88133CF7-B196-48B3-B119-D615F4784AD7}"
EndProject
Project("{FAE04EC0-301F-11D3-BF4B-00C04F79EFBC}") = "StudentFunctions", "StudentFunctions\StudentFunctions.csproj", "{9F14D62F-F39E-421D-8EF9-CE9ACFDC27B5}"
EndProject
Project("{FAE04EC0-301F-11D3-BF4B-00C04F79EFBC}") = "StudentLibrary", "StudentLibrary\StudentLibrary.csproj", "{A4CA5C17-E9CA-4932-B032-E14B441D5BFA}"
EndProject
Global
	GlobalSection(SolutionConfigurationPlatforms) = preSolution
		Debug|Any CPU = Debug|Any CPU
		Release|Any CPU = Release|Any CPU
	EndGlobalSection
	GlobalSection(SolutionProperties) = preSolution
		HideSolutionNode = FALSE
	EndGlobalSection
	GlobalSection(ProjectConfigurationPlatforms) = postSolution
		{88133CF7-B196-48B3-B119-D615F4784AD7}.Debug|Any CPU.ActiveCfg = Debug|Any CPU
		{88133CF7-B196-48B3-B119-D615F4784AD7}.Debug|Any CPU.Build.0 = Debug|Any CPU
		{88133CF7-B196-48B3-B119-D615F4784AD7}.Release|Any CPU.ActiveCfg = Release|Any CPU
		{88133CF7-B196-48B3-B119-D615F4784AD7}.Release|Any CPU.Build.0 = Release|Any CPU
		{9F14D62F-F39E-421D-8EF9-CE9ACFDC27B5}.Debug|Any CPU.ActiveCfg = Debug|Any CPU
		{9F14D62F-F39E-421D-8EF9-CE9ACFDC27B5}.Debug|Any CPU.Build.0 = Debug|Any CPU
		{9F14D62F-F39E-421D-8EF9-CE9ACFDC27B5}.Release|Any CPU.ActiveCfg = Release|Any CPU
		{9F14D62F-F39E-421D-8EF9-CE9ACFDC27B5}.Release|Any CPU.Build.0 = Release|Any CPU
		{A4CA5C17-E9CA-4932-B032-E14B441D5BFA}.Debug|Any CPU.ActiveCfg = Debug|Any CPU
		{A4CA5C17-E9CA-4932-B032-E14B441D5BFA}.Debug|Any CPU.Build.0 = Debug|Any CPU
		{A4CA5C17-E9CA-4932-B032-E14B441D5BFA}.Release|Any CPU.ActiveCfg = Release|Any CPU
		{A4CA5C17-E9CA-4932-B032-E14B441D5BFA}.Release|Any CPU.Build.0 = Release|Any CPU
	EndGlobalSection
EndGlobal
